github.com/rickb777/date v1.20.6 h1:DQ4QZDcJt+CytSnkFgL0JtQWO0NXN3SaXcTUovoxXhk=
github.com/rickb777/date v1.20.6/go.mod h1:k/6AwXJ0l62oPgZlZ60/Jnf3m+6aTIJQ5Wp/gMpUhSg=
github.com/rickb777/plural v1.4.1 h1:5MMLcbIaapLFmvDGRT5iPk8877hpTPt8Y9cdSKRw9sU=
github.com/rickb777/plural v1.4.1/go.mod h1:kdmXUpmKBJTS0FtG/TFumd//VBWsNTD7zOw7x4umxNw=
